
Microsoft Visual Studio Solution File, Format Version 12.00
# Visual Studio Version 16
VisualStudioVersion = 16.0.30114.105
MinimumVisualStudioVersion = 10.0.40219.1
Project("{FAE04EC0-301F-11D3-BF4B-00C04F79EFBC}") = "Point_AsansorUygulama", "Point_AsansorUygulama\Point_AsansorUygulama.csproj", "{722CAF2B-FDAE-4004-816F-485F376DA170}"
EndProject
Global
	GlobalSection(SolutionConfigurationPlatforms) = preSolution
		Debug|Any CPU = Debug|Any CPU
		Release|Any CPU = Release|Any CPU
	EndGlobalSection
	GlobalSection(ProjectConfigurationPlatforms) = postSolution
		{722CAF2B-FDAE-4004-816F-485F376DA170}.Debug|Any CPU.ActiveCfg = Debug|Any CPU
		{722CAF2B-FDAE-4004-816F-485F376DA170}.Debug|Any CPU.Build.0 = Debug|Any CPU
		{722CAF2B-FDAE-4004-816F-485F376DA170}.Release|Any CPU.ActiveCfg = Release|Any CPU
		{722CAF2B-FDAE-4004-816F-485F376DA170}.Release|Any CPU.Build.0 = Release|Any CPU
	EndGlobalSection
	GlobalSection(SolutionProperties) = preSolution
		HideSolutionNode = FALSE
	EndGlobalSection
	GlobalSection(ExtensibilityGlobals) = postSolution
		SolutionGuid = {2A316A98-1BB7-4F21-A2EE-BB7CD3D7CE16}
	EndGlobalSection
EndGlobal
